
Microsoft Visual Studio Solution File, Format Version 11.00
# Visual Studio 2010
Project("{FAE04EC0-301F-11D3-BF4B-00C04F79EFBC}") = "Assembly-CSharp", "Assembly-CSharp.csproj", "{234aed01-41e8-08d4-3e29-97e806fd8321}"
EndProject
Project("{FAE04EC0-301F-11D3-BF4B-00C04F79EFBC}") = "Assembly-CSharp-Editor", "Assembly-CSharp-Editor.csproj", "{3d3115a0-84cc-a89d-ee93-60d4b5ee0868}"
EndProject
Global
	GlobalSection(SolutionConfigurationPlatforms) = preSolution
		Debug|Any CPU = Debug|Any CPU
	EndGlobalSection
	GlobalSection(ProjectConfigurationPlatforms) = postSolution
		{234aed01-41e8-08d4-3e29-97e806fd8321}.Debug|Any CPU.ActiveCfg = Debug|Any CPU
		{234aed01-41e8-08d4-3e29-97e806fd8321}.Debug|Any CPU.Build.0 = Debug|Any CPU
		{3d3115a0-84cc-a89d-ee93-60d4b5ee0868}.Debug|Any CPU.ActiveCfg = Debug|Any CPU
		{3d3115a0-84cc-a89d-ee93-60d4b5ee0868}.Debug|Any CPU.Build.0 = Debug|Any CPU
	EndGlobalSection
	GlobalSection(SolutionProperties) = preSolution
		HideSolutionNode = FALSE
	EndGlobalSection
EndGlobal
